
Microsoft Visual Studio Solution File, Format Version 12.00
# Visual Studio Version 16
VisualStudioVersion = 16.0.29324.140
MinimumVisualStudioVersion = 10.0.40219.1
Project("{FAE04EC0-301F-11D3-BF4B-00C04F79EFBC}") = "ChuckNorrisJokes.console", "ChuckNorrisJokes.console\ChuckNorrisJokes.console.csproj", "{0B15F445-914B-4DA3-8CC3-813919356EFD}"
EndProject
Project("{FAE04EC0-301F-11D3-BF4B-00C04F79EFBC}") = "ChuckNorrisJokesLibary", "ChuckNorrisJokesLibary\ChuckNorrisJokesLibary.csproj", "{A466C74C-B2A9-47F0-B837-4DDF55306FEB}"
EndProject
Project("{FAE04EC0-301F-11D3-BF4B-00C04F79EFBC}") = "ChuckNorris.wpf", "ChuckNorris.wpf\ChuckNorris.wpf.csproj", "{98451AE5-BAB4-4A7A-A2A1-2B321B8DBF5E}"
EndProject
Global
	GlobalSection(SolutionConfigurationPlatforms) = preSolution
		Debug|Any CPU = Debug|Any CPU
		Release|Any CPU = Release|Any CPU
	EndGlobalSection
	GlobalSection(ProjectConfigurationPlatforms) = postSolution
		{0B15F445-914B-4DA3-8CC3-813919356EFD}.Debug|Any CPU.ActiveCfg = Debug|Any CPU
		{0B15F445-914B-4DA3-8CC3-813919356EFD}.Debug|Any CPU.Build.0 = Debug|Any CPU
		{0B15F445-914B-4DA3-8CC3-813919356EFD}.Release|Any CPU.ActiveCfg = Release|Any CPU
		{0B15F445-914B-4DA3-8CC3-813919356EFD}.Release|Any CPU.Build.0 = Release|Any CPU
		{A466C74C-B2A9-47F0-B837-4DDF55306FEB}.Debug|Any CPU.ActiveCfg = Debug|Any CPU
		{A466C74C-B2A9-47F0-B837-4DDF55306FEB}.Debug|Any CPU.Build.0 = Debug|Any CPU
		{A466C74C-B2A9-47F0-B837-4DDF55306FEB}.Release|Any CPU.ActiveCfg = Release|Any CPU
		{A466C74C-B2A9-47F0-B837-4DDF55306FEB}.Release|Any CPU.Build.0 = Release|Any CPU
		{98451AE5-BAB4-4A7A-A2A1-2B321B8DBF5E}.Debug|Any CPU.ActiveCfg = Debug|Any CPU
		{98451AE5-BAB4-4A7A-A2A1-2B321B8DBF5E}.Debug|Any CPU.Build.0 = Debug|Any CPU
		{98451AE5-BAB4-4A7A-A2A1-2B321B8DBF5E}.Release|Any CPU.ActiveCfg = Release|Any CPU
		{98451AE5-BAB4-4A7A-A2A1-2B321B8DBF5E}.Release|Any CPU.Build.0 = Release|Any CPU
	EndGlobalSection
	GlobalSection(SolutionProperties) = preSolution
		HideSolutionNode = FALSE
	EndGlobalSection
	GlobalSection(ExtensibilityGlobals) = postSolution
		SolutionGuid = {1C1CC792-4B60-4385-BDCC-55FF1BD193CD}
	EndGlobalSection
EndGlobal
